// !$*UTF8*$!
{
	archiveVersion = 1;
	classes = {
	};
	objectVersion = 46;
	objects = {

/* Begin PBXBuildFile section */
		FC1331DC1CFF6920008C45AF /* AppDelegate.swift in Sources */ = {isa = PBXBuildFile; fileRef = FC1331DB1CFF6920008C45AF /* AppDelegate.swift */; };
		FC1331DE1CFF6920008C45AF /* ViewController.swift in Sources */ = {isa = PBXBuildFile; fileRef = FC1331DD1CFF6920008C45AF /* ViewController.swift */; };
		FC1331E11CFF6920008C45AF /* Main.storyboard in Resources */ = {isa = PBXBuildFile; fileRef = FC1331DF1CFF6920008C45AF /* Main.storyboard */; };
		FC1331E31CFF6920008C45AF /* Assets.xcassets in Resources */ = {isa = PBXBuildFile; fileRef = FC1331E21CFF6920008C45AF /* Assets.xcassets */; };
		FC1331E61CFF6920008C45AF /* LaunchScreen.storyboard in Resources */ = {isa = PBXBuildFile; fileRef = FC1331E41CFF6920008C45AF /* LaunchScreen.storyboard */; };
		FC1331F11CFF6920008C45AF /* BarcodeTests.swift in Sources */ = {isa = PBXBuildFile; fileRef = FC1331F01CFF6920008C45AF /* BarcodeTests.swift */; };
/* End PBXBuildFile section */

/* Begin PBXContainerItemProxy section */
		FC1331ED1CFF6920008C45AF /* PBXContainerItemProxy */ = {
			isa = PBXContainerItemProxy;
			containerPortal = FC1331D01CFF6920008C45AF /* Project object */;
			proxyType = 1;
			remoteGlobalIDString = FC1331D71CFF6920008C45AF;
			remoteInfo = Barcode;
		};
/* End PBXContainerItemProxy section */

/* Begin PBXFileReference section */
		FC1331D81CFF6920008C45AF /* Barcode.app */ = {isa = PBXFileReference; explicitFileType = wrapper.application; includeInIndex = 0; path = Barcode.app; sourceTree = BUILT_PRODUCTS_DIR; };
		FC1331DB1CFF6920008C45AF /* AppDelegate.swift */ = {isa = PBXFileReference; lastKnownFileType = sourcecode.swift; path = AppDelegate.swift; sourceTree = "<group>"; };
		FC1331DD1CFF6920008C45AF /* ViewController.swift */ = {isa = PBXFileReference; lastKnownFileType = sourcecode.swift; path = ViewController.swift; sourceTree = "<group>"; };
		FC1331E01CFF6920008C45AF /* Base */ = {isa = PBXFileReference; lastKnownFileType = file.storyboard; name = Base; path = Base.lproj/Main.storyboard; sourceTree = "<group>"; };
		FC1331E21CFF6920008C45AF /* Assets.xcassets */ = {isa = PBXFileReference; lastKnownFileType = folder.assetcatalog; path = Assets.xcassets; sourceTree = "<group>"; };
		FC1331E51CFF6920008C45AF /* Base */ = {isa = PBXFileReference; lastKnownFileType = file.storyboard; name = Base; path = Base.lproj/LaunchScreen.storyboard; sourceTree = "<group>"; };
		FC1331E71CFF6920008C45AF /* Info.plist */ = {isa = PBXFileReference; lastKnownFileType = text.plist.xml; path = Info.plist; sourceTree = "<group>"; };
		FC1331EC1CFF6920008C45AF /* BarcodeTests.xctest */ = {isa = PBXFileReference; explicitFileType = wrapper.cfbundle; includeInIndex = 0; path = BarcodeTests.xctest; sourceTree = BUILT_PRODUCTS_DIR; };
		FC1331F01CFF6920008C45AF /* BarcodeTests.swift */ = {isa = PBXFileReference; lastKnownFileType = sourcecode.swift; path = BarcodeTests.swift; sourceTree = "<group>"; };
		FC1331F21CFF6920008C45AF /* Info.plist */ = {isa = PBXFileReference; lastKnownFileType = text.plist.xml; path = Info.plist; sourceTree = "<group>"; };
/* End PBXFileReference section */

/* Begin PBXFrameworksBuildPhase section */
		FC1331D51CFF6920008C45AF /* Frameworks */ = {
			isa = PBXFrameworksBuildPhase;
			buildActionMask = 2147483647;
			files = (
			);
			runOnlyForDeploymentPostprocessing = 0;
		};
		FC1331E91CFF6920008C45AF /* Frameworks */ = {
			isa = PBXFrameworksBuildPhase;
			buildActionMask = 2147483647;
			files = (
			);
			runOnlyForDeploymentPostprocessing = 0;
		};
/* End PBXFrameworksBuildPhase section */

/* Begin PBXGroup section */
		FC1331CF1CFF6920008C45AF = {
			isa = PBXGroup;
			children = (
				FC1331DA1CFF6920008C45AF /* Barcode */,
				FC1331EF1CFF6920008C45AF /* BarcodeTests */,
				FC1331D91CFF6920008C45AF /* Products */,
			);
			sourceTree = "<group>";
		};
		FC1331D91CFF6920008C45AF /* Products */ = {
			isa = PBXGroup;
			children = (
				FC1331D81CFF6920008C45AF /* Barcode.app */,
				FC1331EC1CFF6920008C45AF /* BarcodeTests.xctest */,
			);
			name = Products;
			sourceTree = "<group>";
		};
		FC1331DA1CFF6920008C45AF /* Barcode */ = {
			isa = PBXGroup;
			children = (
				FC1331DB1CFF6920008C45AF /* AppDelegate.swift */,
				FC1331DD1CFF6920008C45AF /* ViewController.swift */,
				FC1331DF1CFF6920008C45AF /* Main.storyboard */,
				FC1331E21CFF6920008C45AF /* Assets.xcassets */,
				FC1331E41CFF6920008C45AF /* LaunchScreen.storyboard */,
				FC1331E71CFF6920008C45AF /* Info.plist */,
			);
			path = Barcode;
			sourceTree = "<group>";
		};
		FC1331EF1CFF6920008C45AF /* BarcodeTests */ = {
			isa = PBXGroup;
			children = (
				FC1331F01CFF6920008C45AF /* BarcodeTests.swift */,
				FC1331F21CFF6920008C45AF /* Info.plist */,
			);
			path = BarcodeTests;
			sourceTree = "<group>";
		};
/* End PBXGroup section */

/* Begin PBXNativeTarget section */
		FC1331D71CFF6920008C45AF /* Barcode */ = {
			isa = PBXNativeTarget;
			buildConfigurationList = FC1331F51CFF6920008C45AF /* Build configuration list for PBXNativeTarget "Barcode" */;
			buildPhases = (
				FC1331D41CFF6920008C45AF /* Sources */,
				FC1331D51CFF6920008C45AF /* Frameworks */,
				FC1331D61CFF6920008C45AF /* Resources */,
			);
			buildRules = (
			);
			dependencies = (
			);
			name = Barcode;
			productName = Barcode;
			productReference = FC1331D81CFF6920008C45AF /* Barcode.app */;
			productType = "com.apple.product-type.application";
		};
		FC1331EB1CFF6920008C45AF /* BarcodeTests */ = {
			isa = PBXNativeTarget;
			buildConfigurationList = FC1331F81CFF6920008C45AF /* Build configuration list for PBXNativeTarget "BarcodeTests" */;
			buildPhases = (
				FC1331E81CFF6920008C45AF /* Sources */,
				FC1331E91CFF6920008C45AF /* Frameworks */,
				FC1331EA1CFF6920008C45AF /* Resources */,
			);
			buildRules = (
			);
			dependencies = (
				FC1331EE1CFF6920008C45AF /* PBXTargetDependency */,
			);
			name = BarcodeTests;
			productName = BarcodeTests;
			productReference = FC1331EC1CFF6920008C45AF /* BarcodeTests.xctest */;
			productType = "com.apple.product-type.bundle.unit-test";
		};
/* End PBXNativeTarget section */

/* Begin PBXProject section */
		FC1331D01CFF6920008C45AF /* Project object */ = {
			isa = PBXProject;
			attributes = {
				LastSwiftUpdateCheck = 0720;
				LastUpgradeCheck = 0720;
				ORGANIZATIONNAME = "Frank Joseph Boccia";
				TargetAttributes = {
					FC1331D71CFF6920008C45AF = {
						CreatedOnToolsVersion = 7.2;
					};
					FC1331EB1CFF6920008C45AF = {
						CreatedOnToolsVersion = 7.2;
						TestTargetID = FC1331D71CFF6920008C45AF;
					};
				};
			};
			buildConfigurationList = FC1331D31CFF6920008C45AF /* Build configuration list for PBXProject "Barcode" */;
			compatibilityVersion = "Xcode 3.2";
			developmentRegion = English;
			hasScannedForEncodings = 0;
			knownRegions = (
				en,
				Base,
			);
			mainGroup = FC1331CF1CFF6920008C45AF;
			productRefGroup = FC1331D91CFF6920008C45AF /* Products */;
			projectDirPath = "";
			projectRoot = "";
			targets = (
				FC1331D71CFF6920008C45AF /* Barcode */,
				FC1331EB1CFF6920008C45AF /* BarcodeTests */,
			);
		};
/* End PBXProject section */

/* Begin PBXResourcesBuildPhase section */
		FC1331D61CFF6920008C45AF /* Resources */ = {
			isa = PBXResourcesBuildPhase;
			buildActionMask = 2147483647;
			files = (
				FC1331E61CFF6920008C45AF /* LaunchScreen.storyboard in Resources */,
				FC1331E31CFF6920008C45AF /* Assets.xcassets in Resources */,
				FC1331E11CFF6920008C45AF /* Main.storyboard in Resources */,
			);
			runOnlyForDeploymentPostprocessing = 0;
		};
		FC1331EA1CFF6920008C45AF /* Resources */ = {
			isa = PBXResourcesBuildPhase;
			buildActionMask = 2147483647;
			files = (
			);
			runOnlyForDeploymentPostprocessing = 0;
		};
/* End PBXResourcesBuildPhase section */

/* Begin PBXSourcesBuildPhase section */
		FC1331D41CFF6920008C45AF /* Sources */ = {
			isa = PBXSourcesBuildPhase;
			buildActionMask = 2147483647;
			files = (
				FC1331DE1CFF6920008C45AF /* ViewController.swift in Sources */,
				FC1331DC1CFF6920008C45AF /* AppDelegate.swift in Sources */,
			);
			runOnlyForDeploymentPostprocessing = 0;
		};
		FC1331E81CFF6920008C45AF /* Sources */ = {
			isa = PBXSourcesBuildPhase;
			buildActionMask = 2147483647;
			files = (
				FC1331F11CFF6920008C45AF /* BarcodeTests.swift in Sources */,
			);
			runOnlyForDeploymentPostprocessing = 0;
		};
/* End PBXSourcesBuildPhase section */

/* Begin PBXTargetDependency section */
		FC1331EE1CFF6920008C45AF /* PBXTargetDependency */ = {
			isa = PBXTargetDependency;
			target = FC1331D71CFF6920008C45AF /* Barcode */;
			targetProxy = FC1331ED1CFF6920008C45AF /* PBXContainerItemProxy */;
		};
/* End PBXTargetDependency section */

/* Begin PBXVariantGroup section */
		FC1331DF1CFF6920008C45AF /* Main.storyboard */ = {
			isa = PBXVariantGroup;
			children = (
				FC1331E01CFF6920008C45AF /* Base */,
			);
			name = Main.storyboard;
			sourceTree = "<group>";
		};
		FC1331E41CFF6920008C45AF /* LaunchScreen.storyboard */ = {
			isa = PBXVariantGroup;
			children = (
				FC1331E51CFF6920008C45AF /* Base */,
			);
			name = LaunchScreen.storyboard;
			sourceTree = "<group>";
		};
/* End PBXVariantGroup section */

/* Begin XCBuildConfiguration section */
		FC1331F31CFF6920008C45AF /* Debug */ = {
			isa = XCBuildConfiguration;
			buildSettings = {
				ALWAYS_SEARCH_USER_PATHS = NO;
				CLANG_CXX_LANGUAGE_STANDARD = "gnu++0x";
				CLANG_CXX_LIBRARY = "libc++";
				CLANG_ENABLE_MODULES = YES;
				CLANG_ENABLE_OBJC_ARC = YES;
				CLANG_WARN_BOOL_CONVERSION = YES;
				CLANG_WARN_CONSTANT_CONVERSION = YES;
				CLANG_WARN_DIRECT_OBJC_ISA_USAGE = YES_ERROR;
				CLANG_WARN_EMPTY_BODY = YES;
				CLANG_WARN_ENUM_CONVERSION = YES;
				CLANG_WARN_INT_CONVERSION = YES;
				CLANG_WARN_OBJC_ROOT_CLASS = YES_ERROR;
				CLANG_WARN_UNREACHABLE_CODE = YES;
				CLANG_WARN__DUPLICATE_METHOD_MATCH = YES;
				"CODE_SIGN_IDENTITY[sdk=iphoneos*]" = "iPhone Developer";
				COPY_PHASE_STRIP = NO;
				DEBUG_INFORMATION_FORMAT = dwarf;
				ENABLE_STRICT_OBJC_MSGSEND = YES;
				ENABLE_TESTABILITY = YES;
				GCC_C_LANGUAGE_STANDARD = gnu99;
				GCC_DYNAMIC_NO_PIC = NO;
				GCC_NO_COMMON_BLOCKS = YES;
				GCC_OPTIMIZATION_LEVEL = 0;
				GCC_PREPROCESSOR_DEFINITIONS = (
					"DEBUG=1",
					"$(inherited)",
				);
				GCC_WARN_64_TO_32_BIT_CONVERSION = YES;
				GCC_WARN_ABOUT_RETURN_TYPE = YES_ERROR;
				GCC_WARN_UNDECLARED_SELECTOR = YES;
				GCC_WARN_UNINITIALIZED_AUTOS = YES_AGGRESSIVE;
				GCC_WARN_UNUSED_FUNCTION = YES;
				GCC_WARN_UNUSED_VARIABLE = YES;
				IPHONEOS_DEPLOYMENT_TARGET = 9.2;
				MTL_ENABLE_DEBUG_INFO = YES;
				ONLY_ACTIVE_ARCH = YES;
				SDKROOT = iphoneos;
				SWIFT_OPTIMIZATION_LEVEL = "-Onone";
				TARGETED_DEVICE_FAMILY = "1,2";
			};
			name = Debug;
		};
		FC1331F41CFF6920008C45AF /* Release */ = {
			isa = XCBuildConfiguration;
			buildSettings = {
				ALWAYS_SEARCH_USER_PATHS = NO;
				CLANG_CXX_LANGUAGE_STANDARD = "gnu++0x";
				CLANG_CXX_LIBRARY = "libc++";
				CLANG_ENABLE_MODULES = YES;
				CLANG_ENABLE_OBJC_ARC = YES;
				CLANG_WARN_BOOL_CONVERSION = YES;
				CLANG_WARN_CONSTANT_CONVERSION = YES;
				CLANG_WARN_DIRECT_OBJC_ISA_USAGE = YES_ERROR;
				CLANG_WARN_EMPTY_BODY = YES;
				CLANG_WARN_ENUM_CONVERSION = YES;
				CLANG_WARN_INT_CONVERSION = YES;
				CLANG_WARN_OBJC_ROOT_CLASS = YES_ERROR;
				CLANG_WARN_UNREACHABLE_CODE = YES;
				CLANG_WARN__DUPLICATE_METHOD_MATCH = YES;
				"CODE_SIGN_IDENTITY[sdk=iphoneos*]" = "iPhone Developer";
				COPY_PHASE_STRIP = NO;
				DEBUG_INFORMATION_FORMAT = "dwarf-with-dsym";
				ENABLE_NS_ASSERTIONS = NO;
				ENABLE_STRICT_OBJC_MSGSEND = YES;
				GCC_C_LANGUAGE_STANDARD = gnu99;
				GCC_NO_COMMON_BLOCKS = YES;
				GCC_WARN_64_TO_32_BIT_CONVERSION = YES;
				GCC_WARN_ABOUT_RETURN_TYPE = YES_ERROR;
				GCC_WARN_UNDECLARED_SELECTOR = YES;
				GCC_WARN_UNINITIALIZED_AUTOS = YES_AGGRESSIVE;
				GCC_WARN_UNUSED_FUNCTION = YES;
				GCC_WARN_UNUSED_VARIABLE = YES;
				IPHONEOS_DEPLOYMENT_TARGET = 9.2;
				MTL_ENABLE_DEBUG_INFO = NO;
				SDKROOT = iphoneos;
				TARGETED_DEVICE_FAMILY = "1,2";
				VALIDATE_PRODUCT = YES;
			};
			name = Release;
		};
		FC1331F61CFF6920008C45AF /* Debug */ = {
			isa = XCBuildConfiguration;
			buildSettings = {
				ASSETCATALOG_COMPILER_APPICON_NAME = AppIcon;
				INFOPLIST_FILE = Barcode/Info.plist;
				LD_RUNPATH_SEARCH_PATHS = "$(inherited) @executable_path/Frameworks";
				PRODUCT_BUNDLE_IDENTIFIER = Bocci.Barcode;
				PRODUCT_NAME = "$(TARGET_NAME)";
			};
			name = Debug;
		};
		FC1331F71CFF6920008C45AF /* Release */ = {
			isa = XCBuildConfiguration;
			buildSettings = {
				ASSETCATALOG_COMPILER_APPICON_NAME = AppIcon;
				INFOPLIST_FILE = Barcode/Info.plist;
				LD_RUNPATH_SEARCH_PATHS = "$(inherited) @executable_path/Frameworks";
				PRODUCT_BUNDLE_IDENTIFIER = Bocci.Barcode;
				PRODUCT_NAME = "$(TARGET_NAME)";
			};
			name = Release;
		};
		FC1331F91CFF6920008C45AF /* Debug */ = {
			isa = XCBuildConfiguration;
			buildSettings = {
				BUNDLE_LOADER = "$(TEST_HOST)";
				INFOPLIST_FILE = BarcodeTests/Info.plist;
				LD_RUNPATH_SEARCH_PATHS = "$(inherited) @executable_path/Frameworks @loader_path/Frameworks";
				PRODUCT_BUNDLE_IDENTIFIER = Bocci.BarcodeTests;
				PRODUCT_NAME = "$(TARGET_NAME)";
				TEST_HOST = "$(BUILT_PRODUCTS_DIR)/Barcode.app/Barcode";
			};
			name = Debug;
		};
		FC1331FA1CFF6920008C45AF /* Release */ = {
			isa = XCBuildConfiguration;
			buildSettings = {
				BUNDLE_LOADER = "$(TEST_HOST)";
				INFOPLIST_FILE = BarcodeTests/Info.plist;
				LD_RUNPATH_SEARCH_PATHS = "$(inherited) @executable_path/Frameworks @loader_path/Frameworks";
				PRODUCT_BUNDLE_IDENTIFIER = Bocci.BarcodeTests;
				PRODUCT_NAME = "$(TARGET_NAME)";
				TEST_HOST = "$(BUILT_PRODUCTS_DIR)/Barcode.app/Barcode";
			};
			name = Release;
		};
/* End XCBuildConfiguration section */

/* Begin XCConfigurationList section */
		FC1331D31CFF6920008C45AF /* Build configuration list for PBXProject "Barcode" */ = {
			isa = XCConfigurationList;
			buildConfigurations = (
				FC1331F31CFF6920008C45AF /* Debug */,
				FC1331F41CFF6920008C45AF /* Release */,
			);
			defaultConfigurationIsVisible = 0;
			defaultConfigurationName = Release;
		};
		FC1331F51CFF6920008C45AF /* Build configuration list for PBXNativeTarget "Barcode" */ = {
			isa = XCConfigurationList;
			buildConfigurations = (
				FC1331F61CFF6920008C45AF /* Debug */,
				FC1331F71CFF6920008C45AF /* Release */,
			);
			defaultConfigurationIsVisible = 0;
		};
		FC1331F81CFF6920008C45AF /* Build configuration list for PBXNativeTarget "BarcodeTests" */ = {
			isa = XCConfigurationList;
			buildConfigurations = (
				FC1331F91CFF6920008C45AF /* Debug */,
				FC1331FA1CFF6920008C45AF /* Release */,
			);
			defaultConfigurationIsVisible = 0;
		};
/* End XCConfigurationList section */
	};
	rootObject = FC1331D01CFF6920008C45AF /* Project object */;
}
